
Microsoft Visual Studio Solution File, Format Version 12.00
# Visual Studio 16
Project("{FAE04EC0-301F-11D3-BF4B-00C04F79EFBC}") = "Assembly-CSharp", "Assembly-CSharp.csproj", "{E5B0018E-0215-6980-6DC2-A8B1E161C2AE}"
EndProject
Project("{FAE04EC0-301F-11D3-BF4B-00C04F79EFBC}") = "Assembly-CSharp-firstpass", "Assembly-CSharp-firstpass.csproj", "{0D1D4837-47FC-DE52-8CA2-0BC63ADE6FB0}"
EndProject
Project("{FAE04EC0-301F-11D3-BF4B-00C04F79EFBC}") = "Assembly-CSharp-Editor", "Assembly-CSharp-Editor.csproj", "{800B3E1F-956A-0B2A-91F7-F36CF2796040}"
EndProject
Global
	GlobalSection(SolutionConfigurationPlatforms) = preSolution
		Debug|Any CPU = Debug|Any CPU
		Release|Any CPU = Release|Any CPU
	EndGlobalSection
	GlobalSection(ProjectConfigurationPlatforms) = postSolution
		{E5B0018E-0215-6980-6DC2-A8B1E161C2AE}.Debug|Any CPU.ActiveCfg = Debug|Any CPU
		{E5B0018E-0215-6980-6DC2-A8B1E161C2AE}.Debug|Any CPU.Build.0 = Debug|Any CPU
		{E5B0018E-0215-6980-6DC2-A8B1E161C2AE}.Release|Any CPU.ActiveCfg = Release|Any CPU
		{E5B0018E-0215-6980-6DC2-A8B1E161C2AE}.Release|Any CPU.Build.0 = Release|Any CPU
		{0D1D4837-47FC-DE52-8CA2-0BC63ADE6FB0}.Debug|Any CPU.ActiveCfg = Debug|Any CPU
		{0D1D4837-47FC-DE52-8CA2-0BC63ADE6FB0}.Debug|Any CPU.Build.0 = Debug|Any CPU
		{0D1D4837-47FC-DE52-8CA2-0BC63ADE6FB0}.Release|Any CPU.ActiveCfg = Release|Any CPU
		{0D1D4837-47FC-DE52-8CA2-0BC63ADE6FB0}.Release|Any CPU.Build.0 = Release|Any CPU
		{800B3E1F-956A-0B2A-91F7-F36CF2796040}.Debug|Any CPU.ActiveCfg = Debug|Any CPU
		{800B3E1F-956A-0B2A-91F7-F36CF2796040}.Debug|Any CPU.Build.0 = Debug|Any CPU
		{800B3E1F-956A-0B2A-91F7-F36CF2796040}.Release|Any CPU.ActiveCfg = Release|Any CPU
		{800B3E1F-956A-0B2A-91F7-F36CF2796040}.Release|Any CPU.Build.0 = Release|Any CPU
	EndGlobalSection
	GlobalSection(SolutionProperties) = preSolution
		HideSolutionNode = FALSE
	EndGlobalSection
	GlobalSection(MonoDevelopProperties) = preSolution
		StartupItem = Assembly-CSharp.csproj
	EndGlobalSection
EndGlobal
